// !$*UTF8*$!
{
	archiveVersion = 1;
	classes = {
	};
	objectVersion = 46;
	objects = {

/* Begin PBXBuildFile section */
		62D4728033793B972B2DD2C8 /* libPods-LLButtonDemo.a in Frameworks */ = {isa = PBXBuildFile; fileRef = 4FB44888A56300839B578A3B /* libPods-LLButtonDemo.a */; };
		639D6BA61E5692F6001FE8FE /* main.m in Sources */ = {isa = PBXBuildFile; fileRef = 639D6BA51E5692F6001FE8FE /* main.m */; };
		639D6BA91E5692F6001FE8FE /* AppDelegate.m in Sources */ = {isa = PBXBuildFile; fileRef = 639D6BA81E5692F6001FE8FE /* AppDelegate.m */; };
		639D6BAC1E5692F6001FE8FE /* ViewController.m in Sources */ = {isa = PBXBuildFile; fileRef = 639D6BAB1E5692F6001FE8FE /* ViewController.m */; };
		639D6BAF1E5692F6001FE8FE /* Main.storyboard in Resources */ = {isa = PBXBuildFile; fileRef = 639D6BAD1E5692F6001FE8FE /* Main.storyboard */; };
		639D6BB11E5692F6001FE8FE /* Assets.xcassets in Resources */ = {isa = PBXBuildFile; fileRef = 639D6BB01E5692F6001FE8FE /* Assets.xcassets */; };
		639D6BB41E5692F6001FE8FE /* LaunchScreen.storyboard in Resources */ = {isa = PBXBuildFile; fileRef = 639D6BB21E5692F6001FE8FE /* LaunchScreen.storyboard */; };
		639D6BC61E569B51001FE8FE /* UIButton+LLExtension.m in Sources */ = {isa = PBXBuildFile; fileRef = 639D6BC51E569B51001FE8FE /* UIButton+LLExtension.m */; };
/* End PBXBuildFile section */

/* Begin PBXFileReference section */
		4FB44888A56300839B578A3B /* libPods-LLButtonDemo.a */ = {isa = PBXFileReference; explicitFileType = archive.ar; includeInIndex = 0; path = "libPods-LLButtonDemo.a"; sourceTree = BUILT_PRODUCTS_DIR; };
		639D6BA11E5692F6001FE8FE /* LLButtonDemo.app */ = {isa = PBXFileReference; explicitFileType = wrapper.application; includeInIndex = 0; path = LLButtonDemo.app; sourceTree = BUILT_PRODUCTS_DIR; };
		639D6BA51E5692F6001FE8FE /* main.m */ = {isa = PBXFileReference; lastKnownFileType = sourcecode.c.objc; path = main.m; sourceTree = "<group>"; };
		639D6BA71E5692F6001FE8FE /* AppDelegate.h */ = {isa = PBXFileReference; lastKnownFileType = sourcecode.c.h; path = AppDelegate.h; sourceTree = "<group>"; };
		639D6BA81E5692F6001FE8FE /* AppDelegate.m */ = {isa = PBXFileReference; lastKnownFileType = sourcecode.c.objc; path = AppDelegate.m; sourceTree = "<group>"; };
		639D6BAA1E5692F6001FE8FE /* ViewController.h */ = {isa = PBXFileReference; lastKnownFileType = sourcecode.c.h; path = ViewController.h; sourceTree = "<group>"; };
		639D6BAB1E5692F6001FE8FE /* ViewController.m */ = {isa = PBXFileReference; lastKnownFileType = sourcecode.c.objc; path = ViewController.m; sourceTree = "<group>"; };
		639D6BAE1E5692F6001FE8FE /* Base */ = {isa = PBXFileReference; lastKnownFileType = file.storyboard; name = Base; path = Base.lproj/Main.storyboard; sourceTree = "<group>"; };
		639D6BB01E5692F6001FE8FE /* Assets.xcassets */ = {isa = PBXFileReference; lastKnownFileType = folder.assetcatalog; path = Assets.xcassets; sourceTree = "<group>"; };
		639D6BB31E5692F6001FE8FE /* Base */ = {isa = PBXFileReference; lastKnownFileType = file.storyboard; name = Base; path = Base.lproj/LaunchScreen.storyboard; sourceTree = "<group>"; };
		639D6BB51E5692F6001FE8FE /* Info.plist */ = {isa = PBXFileReference; lastKnownFileType = text.plist.xml; path = Info.plist; sourceTree = "<group>"; };
		639D6BC41E569B51001FE8FE /* UIButton+LLExtension.h */ = {isa = PBXFileReference; fileEncoding = 4; lastKnownFileType = sourcecode.c.h; path = "UIButton+LLExtension.h"; sourceTree = "<group>"; };
		639D6BC51E569B51001FE8FE /* UIButton+LLExtension.m */ = {isa = PBXFileReference; fileEncoding = 4; lastKnownFileType = sourcecode.c.objc; path = "UIButton+LLExtension.m"; sourceTree = "<group>"; };
		C419E7C95C0C452B7FA0A4EE /* Pods-LLButtonDemo.release.xcconfig */ = {isa = PBXFileReference; includeInIndex = 1; lastKnownFileType = text.xcconfig; name = "Pods-LLButtonDemo.release.xcconfig"; path = "Pods/Target Support Files/Pods-LLButtonDemo/Pods-LLButtonDemo.release.xcconfig"; sourceTree = "<group>"; };
		E97299D48B770229FD8CEDC7 /* Pods-LLButtonDemo.debug.xcconfig */ = {isa = PBXFileReference; includeInIndex = 1; lastKnownFileType = text.xcconfig; name = "Pods-LLButtonDemo.debug.xcconfig"; path = "Pods/Target Support Files/Pods-LLButtonDemo/Pods-LLButtonDemo.debug.xcconfig"; sourceTree = "<group>"; };
/* End PBXFileReference section */

/* Begin PBXFrameworksBuildPhase section */
		639D6B9E1E5692F6001FE8FE /* Frameworks */ = {
			isa = PBXFrameworksBuildPhase;
			buildActionMask = 2147483647;
			files = (
				62D4728033793B972B2DD2C8 /* libPods-LLButtonDemo.a in Frameworks */,
			);
			runOnlyForDeploymentPostprocessing = 0;
		};
/* End PBXFrameworksBuildPhase section */

/* Begin PBXGroup section */
		639D6B981E5692F6001FE8FE = {
			isa = PBXGroup;
			children = (
				639D6BA31E5692F6001FE8FE /* LLButtonDemo */,
				639D6BA21E5692F6001FE8FE /* Products */,
				8D6BA2B178C8BA38F8605B4F /* Pods */,
				99C8D989A203E1827D21BD87 /* Frameworks */,
			);
			sourceTree = "<group>";
		};
		639D6BA21E5692F6001FE8FE /* Products */ = {
			isa = PBXGroup;
			children = (
				639D6BA11E5692F6001FE8FE /* LLButtonDemo.app */,
			);
			name = Products;
			sourceTree = "<group>";
		};
		639D6BA31E5692F6001FE8FE /* LLButtonDemo */ = {
			isa = PBXGroup;
			children = (
				639D6BC31E569B1F001FE8FE /* UIButton+LLExtension */,
				639D6BA71E5692F6001FE8FE /* AppDelegate.h */,
				639D6BA81E5692F6001FE8FE /* AppDelegate.m */,
				639D6BAA1E5692F6001FE8FE /* ViewController.h */,
				639D6BAB1E5692F6001FE8FE /* ViewController.m */,
				639D6BAD1E5692F6001FE8FE /* Main.storyboard */,
				639D6BB01E5692F6001FE8FE /* Assets.xcassets */,
				639D6BB21E5692F6001FE8FE /* LaunchScreen.storyboard */,
				639D6BB51E5692F6001FE8FE /* Info.plist */,
				639D6BA41E5692F6001FE8FE /* Supporting Files */,
			);
			path = LLButtonDemo;
			sourceTree = "<group>";
		};
		639D6BA41E5692F6001FE8FE /* Supporting Files */ = {
			isa = PBXGroup;
			children = (
				639D6BA51E5692F6001FE8FE /* main.m */,
			);
			name = "Supporting Files";
			sourceTree = "<group>";
		};
		639D6BC31E569B1F001FE8FE /* UIButton+LLExtension */ = {
			isa = PBXGroup;
			children = (
				639D6BC41E569B51001FE8FE /* UIButton+LLExtension.h */,
				639D6BC51E569B51001FE8FE /* UIButton+LLExtension.m */,
			);
			path = "UIButton+LLExtension";
			sourceTree = SOURCE_ROOT;
		};
		8D6BA2B178C8BA38F8605B4F /* Pods */ = {
			isa = PBXGroup;
			children = (
				E97299D48B770229FD8CEDC7 /* Pods-LLButtonDemo.debug.xcconfig */,
				C419E7C95C0C452B7FA0A4EE /* Pods-LLButtonDemo.release.xcconfig */,
			);
			name = Pods;
			sourceTree = "<group>";
		};
		99C8D989A203E1827D21BD87 /* Frameworks */ = {
			isa = PBXGroup;
			children = (
				4FB44888A56300839B578A3B /* libPods-LLButtonDemo.a */,
			);
			name = Frameworks;
			sourceTree = "<group>";
		};
/* End PBXGroup section */

/* Begin PBXNativeTarget section */
		639D6BA01E5692F6001FE8FE /* LLButtonDemo */ = {
			isa = PBXNativeTarget;
			buildConfigurationList = 639D6BB81E5692F6001FE8FE /* Build configuration list for PBXNativeTarget "LLButtonDemo" */;
			buildPhases = (
				3C04488D1C2568B44F306024 /* [CP] Check Pods Manifest.lock */,
				639D6B9D1E5692F6001FE8FE /* Sources */,
				639D6B9E1E5692F6001FE8FE /* Frameworks */,
				639D6B9F1E5692F6001FE8FE /* Resources */,
				9F114817B06251B0BE125DBD /* [CP] Embed Pods Frameworks */,
				8C4BDCA8704C1B0C7FEC1C51 /* [CP] Copy Pods Resources */,
			);
			buildRules = (
			);
			dependencies = (
			);
			name = LLButtonDemo;
			productName = LLButtonDemo;
			productReference = 639D6BA11E5692F6001FE8FE /* LLButtonDemo.app */;
			productType = "com.apple.product-type.application";
		};
/* End PBXNativeTarget section */

/* Begin PBXProject section */
		639D6B991E5692F6001FE8FE /* Project object */ = {
			isa = PBXProject;
			attributes = {
				LastUpgradeCheck = 0820;
				ORGANIZATIONNAME = Ecommerce;
				TargetAttributes = {
					639D6BA01E5692F6001FE8FE = {
						CreatedOnToolsVersion = 8.2;
						DevelopmentTeam = S63S4UNJRM;
						ProvisioningStyle = Automatic;
					};
				};
			};
			buildConfigurationList = 639D6B9C1E5692F6001FE8FE /* Build configuration list for PBXProject "LLButtonDemo" */;
			compatibilityVersion = "Xcode 3.2";
			developmentRegion = English;
			hasScannedForEncodings = 0;
			knownRegions = (
				en,
				Base,
			);
			mainGroup = 639D6B981E5692F6001FE8FE;
			productRefGroup = 639D6BA21E5692F6001FE8FE /* Products */;
			projectDirPath = "";
			projectRoot = "";
			targets = (
				639D6BA01E5692F6001FE8FE /* LLButtonDemo */,
			);
		};
/* End PBXProject section */

/* Begin PBXResourcesBuildPhase section */
		639D6B9F1E5692F6001FE8FE /* Resources */ = {
			isa = PBXResourcesBuildPhase;
			buildActionMask = 2147483647;
			files = (
				639D6BB41E5692F6001FE8FE /* LaunchScreen.storyboard in Resources */,
				639D6BB11E5692F6001FE8FE /* Assets.xcassets in Resources */,
				639D6BAF1E5692F6001FE8FE /* Main.storyboard in Resources */,
			);
			runOnlyForDeploymentPostprocessing = 0;
		};
/* End PBXResourcesBuildPhase section */

/* Begin PBXShellScriptBuildPhase section */
		3C04488D1C2568B44F306024 /* [CP] Check Pods Manifest.lock */ = {
			isa = PBXShellScriptBuildPhase;
			buildActionMask = 2147483647;
			files = (
			);
			inputPaths = (
			);
			name = "[CP] Check Pods Manifest.lock";
			outputPaths = (
			);
			runOnlyForDeploymentPostprocessing = 0;
			shellPath = /bin/sh;
			shellScript = "diff \"${PODS_ROOT}/../Podfile.lock\" \"${PODS_ROOT}/Manifest.lock\" > /dev/null\nif [ $? != 0 ] ; then\n    # print error to STDERR\n    echo \"error: The sandbox is not in sync with the Podfile.lock. Run 'pod install' or update your CocoaPods installation.\" >&2\n    exit 1\nfi\n";
			showEnvVarsInLog = 0;
		};
		8C4BDCA8704C1B0C7FEC1C51 /* [CP] Copy Pods Resources */ = {
			isa = PBXShellScriptBuildPhase;
			buildActionMask = 2147483647;
			files = (
			);
			inputPaths = (
			);
			name = "[CP] Copy Pods Resources";
			outputPaths = (
			);
			runOnlyForDeploymentPostprocessing = 0;
			shellPath = /bin/sh;
			shellScript = "\"${SRCROOT}/Pods/Target Support Files/Pods-LLButtonDemo/Pods-LLButtonDemo-resources.sh\"\n";
			showEnvVarsInLog = 0;
		};
		9F114817B06251B0BE125DBD /* [CP] Embed Pods Frameworks */ = {
			isa = PBXShellScriptBuildPhase;
			buildActionMask = 2147483647;
			files = (
			);
			inputPaths = (
			);
			name = "[CP] Embed Pods Frameworks";
			outputPaths = (
			);
			runOnlyForDeploymentPostprocessing = 0;
			shellPath = /bin/sh;
			shellScript = "\"${SRCROOT}/Pods/Target Support Files/Pods-LLButtonDemo/Pods-LLButtonDemo-frameworks.sh\"\n";
			showEnvVarsInLog = 0;
		};
/* End PBXShellScriptBuildPhase section */

/* Begin PBXSourcesBuildPhase section */
		639D6B9D1E5692F6001FE8FE /* Sources */ = {
			isa = PBXSourcesBuildPhase;
			buildActionMask = 2147483647;
			files = (
				639D6BAC1E5692F6001FE8FE /* ViewController.m in Sources */,
				639D6BA91E5692F6001FE8FE /* AppDelegate.m in Sources */,
				639D6BA61E5692F6001FE8FE /* main.m in Sources */,
				639D6BC61E569B51001FE8FE /* UIButton+LLExtension.m in Sources */,
			);
			runOnlyForDeploymentPostprocessing = 0;
		};
/* End PBXSourcesBuildPhase section */

/* Begin PBXVariantGroup section */
		639D6BAD1E5692F6001FE8FE /* Main.storyboard */ = {
			isa = PBXVariantGroup;
			children = (
				639D6BAE1E5692F6001FE8FE /* Base */,
			);
			name = Main.storyboard;
			sourceTree = "<group>";
		};
		639D6BB21E5692F6001FE8FE /* LaunchScreen.storyboard */ = {
			isa = PBXVariantGroup;
			children = (
				639D6BB31E5692F6001FE8FE /* Base */,
			);
			name = LaunchScreen.storyboard;
			sourceTree = "<group>";
		};
/* End PBXVariantGroup section */

/* Begin XCBuildConfiguration section */
		639D6BB61E5692F6001FE8FE /* Debug */ = {
			isa = XCBuildConfiguration;
			buildSettings = {
				ALWAYS_SEARCH_USER_PATHS = NO;
				CLANG_ANALYZER_NONNULL = YES;
				CLANG_CXX_LANGUAGE_STANDARD = "gnu++0x";
				CLANG_CXX_LIBRARY = "libc++";
				CLANG_ENABLE_MODULES = YES;
				CLANG_ENABLE_OBJC_ARC = YES;
				CLANG_WARN_BOOL_CONVERSION = YES;
				CLANG_WARN_CONSTANT_CONVERSION = YES;
				CLANG_WARN_DIRECT_OBJC_ISA_USAGE = YES_ERROR;
				CLANG_WARN_DOCUMENTATION_COMMENTS = YES;
				CLANG_WARN_EMPTY_BODY = YES;
				CLANG_WARN_ENUM_CONVERSION = YES;
				CLANG_WARN_INFINITE_RECURSION = YES;
				CLANG_WARN_INT_CONVERSION = YES;
				CLANG_WARN_OBJC_ROOT_CLASS = YES_ERROR;
				CLANG_WARN_SUSPICIOUS_MOVE = YES;
				CLANG_WARN_UNREACHABLE_CODE = YES;
				CLANG_WARN__DUPLICATE_METHOD_MATCH = YES;
				"CODE_SIGN_IDENTITY[sdk=iphoneos*]" = "iPhone Developer";
				COPY_PHASE_STRIP = NO;
				DEBUG_INFORMATION_FORMAT = dwarf;
				ENABLE_STRICT_OBJC_MSGSEND = YES;
				ENABLE_TESTABILITY = YES;
				GCC_C_LANGUAGE_STANDARD = gnu99;
				GCC_DYNAMIC_NO_PIC = NO;
				GCC_NO_COMMON_BLOCKS = YES;
				GCC_OPTIMIZATION_LEVEL = 0;
				GCC_PREPROCESSOR_DEFINITIONS = (
					"DEBUG=1",
					"$(inherited)",
				);
				GCC_WARN_64_TO_32_BIT_CONVERSION = YES;
				GCC_WARN_ABOUT_RETURN_TYPE = YES_ERROR;
				GCC_WARN_UNDECLARED_SELECTOR = YES;
				GCC_WARN_UNINITIALIZED_AUTOS = YES_AGGRESSIVE;
				GCC_WARN_UNUSED_FUNCTION = YES;
				GCC_WARN_UNUSED_VARIABLE = YES;
				IPHONEOS_DEPLOYMENT_TARGET = 10.2;
				MTL_ENABLE_DEBUG_INFO = YES;
				ONLY_ACTIVE_ARCH = YES;
				SDKROOT = iphoneos;
			};
			name = Debug;
		};
		639D6BB71E5692F6001FE8FE /* Release */ = {
			isa = XCBuildConfiguration;
			buildSettings = {
				ALWAYS_SEARCH_USER_PATHS = NO;
				CLANG_ANALYZER_NONNULL = YES;
				CLANG_CXX_LANGUAGE_STANDARD = "gnu++0x";
				CLANG_CXX_LIBRARY = "libc++";
				CLANG_ENABLE_MODULES = YES;
				CLANG_ENABLE_OBJC_ARC = YES;
				CLANG_WARN_BOOL_CONVERSION = YES;
				CLANG_WARN_CONSTANT_CONVERSION = YES;
				CLANG_WARN_DIRECT_OBJC_ISA_USAGE = YES_ERROR;
				CLANG_WARN_DOCUMENTATION_COMMENTS = YES;
				CLANG_WARN_EMPTY_BODY = YES;
				CLANG_WARN_ENUM_CONVERSION = YES;
				CLANG_WARN_INFINITE_RECURSION = YES;
				CLANG_WARN_INT_CONVERSION = YES;
				CLANG_WARN_OBJC_ROOT_CLASS = YES_ERROR;
				CLANG_WARN_SUSPICIOUS_MOVE = YES;
				CLANG_WARN_UNREACHABLE_CODE = YES;
				CLANG_WARN__DUPLICATE_METHOD_MATCH = YES;
				"CODE_SIGN_IDENTITY[sdk=iphoneos*]" = "iPhone Developer";
				COPY_PHASE_STRIP = NO;
				DEBUG_INFORMATION_FORMAT = "dwarf-with-dsym";
				ENABLE_NS_ASSERTIONS = NO;
				ENABLE_STRICT_OBJC_MSGSEND = YES;
				GCC_C_LANGUAGE_STANDARD = gnu99;
				GCC_NO_COMMON_BLOCKS = YES;
				GCC_WARN_64_TO_32_BIT_CONVERSION = YES;
				GCC_WARN_ABOUT_RETURN_TYPE = YES_ERROR;
				GCC_WARN_UNDECLARED_SELECTOR = YES;
				GCC_WARN_UNINITIALIZED_AUTOS = YES_AGGRESSIVE;
				GCC_WARN_UNUSED_FUNCTION = YES;
				GCC_WARN_UNUSED_VARIABLE = YES;
				IPHONEOS_DEPLOYMENT_TARGET = 10.2;
				MTL_ENABLE_DEBUG_INFO = NO;
				SDKROOT = iphoneos;
				VALIDATE_PRODUCT = YES;
			};
			name = Release;
		};
		639D6BB91E5692F6001FE8FE /* Debug */ = {
			isa = XCBuildConfiguration;
			baseConfigurationReference = E97299D48B770229FD8CEDC7 /* Pods-LLButtonDemo.debug.xcconfig */;
			buildSettings = {
				ASSETCATALOG_COMPILER_APPICON_NAME = AppIcon;
				DEVELOPMENT_TEAM = S63S4UNJRM;
				INFOPLIST_FILE = LLButtonDemo/Info.plist;
				IPHONEOS_DEPLOYMENT_TARGET = 7.0;
				LD_RUNPATH_SEARCH_PATHS = "$(inherited) @executable_path/Frameworks";
				PRODUCT_BUNDLE_IDENTIFIER = com.ykms.LLButtonDemo;
				PRODUCT_NAME = "$(TARGET_NAME)";
			};
			name = Debug;
		};
		639D6BBA1E5692F6001FE8FE /* Release */ = {
			isa = XCBuildConfiguration;
			baseConfigurationReference = C419E7C95C0C452B7FA0A4EE /* Pods-LLButtonDemo.release.xcconfig */;
			buildSettings = {
				ASSETCATALOG_COMPILER_APPICON_NAME = AppIcon;
				DEVELOPMENT_TEAM = S63S4UNJRM;
				INFOPLIST_FILE = LLButtonDemo/Info.plist;
				IPHONEOS_DEPLOYMENT_TARGET = 7.0;
				LD_RUNPATH_SEARCH_PATHS = "$(inherited) @executable_path/Frameworks";
				PRODUCT_BUNDLE_IDENTIFIER = com.ykms.LLButtonDemo;
				PRODUCT_NAME = "$(TARGET_NAME)";
			};
			name = Release;
		};
/* End XCBuildConfiguration section */

/* Begin XCConfigurationList section */
		639D6B9C1E5692F6001FE8FE /* Build configuration list for PBXProject "LLButtonDemo" */ = {
			isa = XCConfigurationList;
			buildConfigurations = (
				639D6BB61E5692F6001FE8FE /* Debug */,
				639D6BB71E5692F6001FE8FE /* Release */,
			);
			defaultConfigurationIsVisible = 0;
			defaultConfigurationName = Release;
		};
		639D6BB81E5692F6001FE8FE /* Build configuration list for PBXNativeTarget "LLButtonDemo" */ = {
			isa = XCConfigurationList;
			buildConfigurations = (
				639D6BB91E5692F6001FE8FE /* Debug */,
				639D6BBA1E5692F6001FE8FE /* Release */,
			);
			defaultConfigurationIsVisible = 0;
			defaultConfigurationName = Release;
		};
/* End XCConfigurationList section */
	};
	rootObject = 639D6B991E5692F6001FE8FE /* Project object */;
}
